{
    "_meta": {
        "hash": {
            "sha256": "f99b3623a57b3d0c33af19e1673c4da6666fa4e59820c90cfdd518ba1322d354"
        },
        "pipfile-spec": 6,
        "requires": {
            "python_version": "3"
        },
        "sources": [
            {
                "name": "pypi",
                "url": "https://pypi.org/simple",
                "verify_ssl": true
            }
        ]
    },
    "default": {
        "pydub": {
            "hashes": [
                "sha256:65617e33033874b59d87db603aa1ed450633288aefead953b30bded59cb599a6",
                "sha256:980a33ce9949cab2a569606b65674d748ecbca4f0796887fd6f46173a7b0d30f"
            ],
            "index": "pypi",
            "version": "==0.25.1"
        },
        "simple-file-checksum": {
            "hashes": [
                "sha256:5d27dd0aae4c5ae8aa92bd87648440f7277f75a277e12c389ad4c644cb1b0603",
                "sha256:7cd9ca136704c793f9dadc0153b97f44063fb60b5dd1354b48bda82ad8c5fb94"
            ],
            "index": "pypi",
            "markers": "python_version >= '3.6'",
            "version": "==1.2.2"
        }
    },
    "develop": {}
}
